
Microsoft Visual Studio Solution File, Format Version 12.00
# Visual Studio Version 16
VisualStudioVersion = 16.0.30204.135
MinimumVisualStudioVersion = 10.0.40219.1
Project("{9A19103F-16F7-4668-BE54-9A1E7A4F7556}") = "Paddle.API", "Paddle.API\Paddle.API.csproj", "{C7D59035-DD65-45E0-8482-33772E21F79C}"
EndProject
Project("{9A19103F-16F7-4668-BE54-9A1E7A4F7556}") = "Paddle.Core", "Paddle.Core\Paddle.Core.csproj", "{541F3D13-5212-4BC1-B682-1E54E92D3741}"
EndProject
Project("{9A19103F-16F7-4668-BE54-9A1E7A4F7556}") = "Paddle.Core.Tests", "Paddle.Core.Tests\Paddle.Core.Tests.csproj", "{10A4C743-9016-4644-8743-B2C86D0B7885}"
EndProject
Project("{9A19103F-16F7-4668-BE54-9A1E7A4F7556}") = "Paddle.Console", "Paddle.Console\Paddle.Console.csproj", "{725C311E-99EB-4327-9FA2-32A00B9CACE2}"
EndProject
Project("{9A19103F-16F7-4668-BE54-9A1E7A4F7556}") = "DomainTactics", "DomainTactics\DomainTactics.csproj", "{6D69414F-7A34-459C-9B40-2247D7A544F1}"
EndProject
Global
	GlobalSection(SolutionConfigurationPlatforms) = preSolution
		Debug|Any CPU = Debug|Any CPU
		Release|Any CPU = Release|Any CPU
	EndGlobalSection
	GlobalSection(ProjectConfigurationPlatforms) = postSolution
		{C7D59035-DD65-45E0-8482-33772E21F79C}.Debug|Any CPU.ActiveCfg = Debug|Any CPU
		{C7D59035-DD65-45E0-8482-33772E21F79C}.Debug|Any CPU.Build.0 = Debug|Any CPU
		{C7D59035-DD65-45E0-8482-33772E21F79C}.Release|Any CPU.ActiveCfg = Release|Any CPU
		{C7D59035-DD65-45E0-8482-33772E21F79C}.Release|Any CPU.Build.0 = Release|Any CPU
		{541F3D13-5212-4BC1-B682-1E54E92D3741}.Debug|Any CPU.ActiveCfg = Debug|Any CPU
		{541F3D13-5212-4BC1-B682-1E54E92D3741}.Debug|Any CPU.Build.0 = Debug|Any CPU
		{541F3D13-5212-4BC1-B682-1E54E92D3741}.Release|Any CPU.ActiveCfg = Release|Any CPU
		{541F3D13-5212-4BC1-B682-1E54E92D3741}.Release|Any CPU.Build.0 = Release|Any CPU
		{10A4C743-9016-4644-8743-B2C86D0B7885}.Debug|Any CPU.ActiveCfg = Debug|Any CPU
		{10A4C743-9016-4644-8743-B2C86D0B7885}.Debug|Any CPU.Build.0 = Debug|Any CPU
		{10A4C743-9016-4644-8743-B2C86D0B7885}.Release|Any CPU.ActiveCfg = Release|Any CPU
		{10A4C743-9016-4644-8743-B2C86D0B7885}.Release|Any CPU.Build.0 = Release|Any CPU
		{725C311E-99EB-4327-9FA2-32A00B9CACE2}.Debug|Any CPU.ActiveCfg = Debug|Any CPU
		{725C311E-99EB-4327-9FA2-32A00B9CACE2}.Debug|Any CPU.Build.0 = Debug|Any CPU
		{725C311E-99EB-4327-9FA2-32A00B9CACE2}.Release|Any CPU.ActiveCfg = Release|Any CPU
		{725C311E-99EB-4327-9FA2-32A00B9CACE2}.Release|Any CPU.Build.0 = Release|Any CPU
		{6D69414F-7A34-459C-9B40-2247D7A544F1}.Debug|Any CPU.ActiveCfg = Debug|Any CPU
		{6D69414F-7A34-459C-9B40-2247D7A544F1}.Debug|Any CPU.Build.0 = Debug|Any CPU
		{6D69414F-7A34-459C-9B40-2247D7A544F1}.Release|Any CPU.ActiveCfg = Release|Any CPU
		{6D69414F-7A34-459C-9B40-2247D7A544F1}.Release|Any CPU.Build.0 = Release|Any CPU
	EndGlobalSection
	GlobalSection(SolutionProperties) = preSolution
		HideSolutionNode = FALSE
	EndGlobalSection
	GlobalSection(ExtensibilityGlobals) = postSolution
		SolutionGuid = {E21BCD2A-1078-4227-BA36-C75B5964A7A2}
	EndGlobalSection
EndGlobal
